<?xml version="1.0" encoding="utf-8"?>
<Project ToolsVersion="4.0" xmlns="http://schemas.microsoft.com/developer/msbuild/2003">
  <ItemGroup>
    <Filter Include="99. Defines">
      <UniqueIdentifier>{31a75acd-d273-49a8-b3d1-7a07e98369a1}</UniqueIdentifier>
    </Filter>
    <Filter Include="01. Utility">
      <UniqueIdentifier>{d3150363-0f3e-4869-b29b-56dc09d7ca87}</UniqueIdentifier>
    </Filter>
    <Filter Include="01. Utility\99. SuperClass">
      <UniqueIdentifier>{b5f2621e-29af-42b3-b721-1d8c2bdb3507}</UniqueIdentifier>
    </Filter>
    <Filter Include="00. System">
      <UniqueIdentifier>{e6e06e51-5cc9-4efd-842f-f637f7e51fe1}</UniqueIdentifier>
    </Filter>
    <Filter Include="00. System\00. Device">
      <UniqueIdentifier>{501bae0b-e880-44b0-8c8a-1f32264e6ef7}</UniqueIdentifier>
    </Filter>
    <Filter Include="00. System\00. Device\Graphic">
      <UniqueIdentifier>{a5f04a4f-7a8c-48b5-9321-a2230197019c}</UniqueIdentifier>
    </Filter>
    <Filter Include="00. System\01. Timer">
      <UniqueIdentifier>{c47d34ff-1fa5-48e1-83c8-384334421856}</UniqueIdentifier>
    </Filter>
    <Filter Include="ThirdParty">
      <UniqueIdentifier>{8dd5a05d-f390-4de8-bf47-ff62b3b9c090}</UniqueIdentifier>
    </Filter>
    <Filter Include="00. System\11. Event">
      <UniqueIdentifier>{acde2ad1-9ea6-454d-abdf-9fc4ca1c3f91}</UniqueIdentifier>
    </Filter>
    <Filter Include="01. Utility\01. Scene">
      <UniqueIdentifier>{87d26a7c-9e8e-4836-a9a6-a6633ac37a12}</UniqueIdentifier>
    </Filter>
    <Filter Include="01. Utility\03. Object">
      <UniqueIdentifier>{e634beb8-0c06-4693-99f6-fdfdbb81a53e}</UniqueIdentifier>
    </Filter>
    <Filter Include="01. Utility\04. Component">
      <UniqueIdentifier>{e1f17606-11db-4431-82ad-fec3d52777ed}</UniqueIdentifier>
    </Filter>
    <Filter Include="00. System\11. Event\Events">
      <UniqueIdentifier>{8d78eb83-0641-4e4c-a7c2-c242d9031977}</UniqueIdentifier>
    </Filter>
    <Filter Include="01. Utility\00. Core_System">
      <UniqueIdentifier>{e361a6a6-3262-4360-971b-fa48d02c36e8}</UniqueIdentifier>
    </Filter>
    <Filter Include="00. System\09. Prototype">
      <UniqueIdentifier>{fac3fdbe-dfc4-4512-8fb1-d393045e780a}</UniqueIdentifier>
    </Filter>
    <Filter Include="00. System\09. Prototype\Prototype">
      <UniqueIdentifier>{934a5bfe-5b55-4d03-a917-895238234527}</UniqueIdentifier>
    </Filter>
    <Filter Include="01. Utility\04. Component\98. Spec">
      <UniqueIdentifier>{1ab4117b-0910-4fd7-a7ef-399092d8ea14}</UniqueIdentifier>
    </Filter>
    <Filter Include="98. Util">
      <UniqueIdentifier>{248d1eed-41d4-4a63-b1cd-2606bf3824eb}</UniqueIdentifier>
    </Filter>
    <Filter Include="99. Defines\Engine_Struct">
      <UniqueIdentifier>{7b92fd6e-642e-40dc-9e05-da6273697db0}</UniqueIdentifier>
    </Filter>
    <Filter Include="97. ShaderFile">
      <UniqueIdentifier>{c17b9a42-0a7e-4321-80b8-f16e46f0c732}</UniqueIdentifier>
    </Filter>
    <Filter Include="00. System\03. Renderer">
      <UniqueIdentifier>{491b0f15-92bc-4b59-9516-60f8f3e09104}</UniqueIdentifier>
    </Filter>
    <Filter Include="00. System\04. Input">
      <UniqueIdentifier>{b3a6ea6b-eefc-469a-b993-73836903a878}</UniqueIdentifier>
    </Filter>
    <Filter Include="01. Utility\05. Resource">
      <UniqueIdentifier>{54970e64-74ce-40ef-8a9a-b81acc2e9e31}</UniqueIdentifier>
    </Filter>
    <Filter Include="01. Utility\05. Resource\01. Mesh">
      <UniqueIdentifier>{6895059b-5e72-4296-aec5-287db86ebb83}</UniqueIdentifier>
    </Filter>
    <Filter Include="01. Utility\05. Resource\02. Material">
      <UniqueIdentifier>{e794008c-1777-4d04-97cc-177e13e0d614}</UniqueIdentifier>
    </Filter>
    <Filter Include="01. Utility\05. Resource\03. Shader">
      <UniqueIdentifier>{650a95cd-1679-4e53-8acf-2d8f99800886}</UniqueIdentifier>
    </Filter>
    <Filter Include="01. Utility\05. Resource\04. Texture">
      <UniqueIdentifier>{794fe99f-e9b8-431d-82ce-cf12d9080ede}</UniqueIdentifier>
    </Filter>
    <Filter Include="00. System\05. Resource">
      <UniqueIdentifier>{226011d0-3cda-4be5-bb2a-7b81bf2f1602}</UniqueIdentifier>
    </Filter>
    <Filter Include="00. System\05. Resource\Asset">
      <UniqueIdentifier>{c8a20659-d5e7-4c35-a724-032e3670fc54}</UniqueIdentifier>
    </Filter>
    <Filter Include="00. System\05. Resource\Texture">
      <UniqueIdentifier>{ded94e51-6740-4b6c-b1b3-666d51edf124}</UniqueIdentifier>
    </Filter>
    <Filter Include="00. System\06. Log">
      <UniqueIdentifier>{5b9a339e-148a-47ff-86ff-b7824c42a2a9}</UniqueIdentifier>
    </Filter>
    <Filter Include="01. Utility\03. Object\GameObject">
      <UniqueIdentifier>{cb7fe595-1f43-46cb-923c-28e1448c0e59}</UniqueIdentifier>
    </Filter>
    <Filter Include="01. Utility\04. Component\01. Transform">
      <UniqueIdentifier>{e8bfaf4b-8d9b-4fa2-8595-49b769c2ff03}</UniqueIdentifier>
    </Filter>
    <Filter Include="01. Utility\02. Layer">
      <UniqueIdentifier>{b3f010fe-2dbd-49de-8799-430ce14c3032}</UniqueIdentifier>
    </Filter>
    <Filter Include="01. Utility\03. Object\GameObject_UI">
      <UniqueIdentifier>{696a0970-8aa4-4d79-8c10-5179651aa674}</UniqueIdentifier>
    </Filter>
    <Filter Include="00. System\07. Editor">
      <UniqueIdentifier>{1bf54c24-e22d-4740-80c0-137c701e4113}</UniqueIdentifier>
    </Filter>
    <Filter Include="100. Docementation">
      <UniqueIdentifier>{9c3b8c12-4213-48fe-bef0-e889a63c9ae2}</UniqueIdentifier>
    </Filter>
    <Filter Include="01. Utility\04. Component\00. ComponentSystem">
      <UniqueIdentifier>{d5e3e4b3-c60b-49f6-ac28-14ed45faef63}</UniqueIdentifier>
    </Filter>
    <Filter Include="01. Utility\04. Component\07. RectTransform">
      <UniqueIdentifier>{b4dc3252-22a3-44d4-807c-83e83a9230d2}</UniqueIdentifier>
    </Filter>
    <Filter Include="01. Utility\04. Component\08. CanvasRenderer">
      <UniqueIdentifier>{99aaebfd-80f5-4b48-8a03-79b336e154e3}</UniqueIdentifier>
    </Filter>
    <Filter Include="01. Utility\04. Component\9. UI_Components">
      <UniqueIdentifier>{7bb52f6a-1259-4297-8828-b2816f1abfd5}</UniqueIdentifier>
    </Filter>
    <Filter Include="01. Utility\04. Component\02. Physics">
      <UniqueIdentifier>{3ba23c7e-532f-4cab-a9b2-aeb56b750e27}</UniqueIdentifier>
    </Filter>
    <Filter Include="01. Utility\04. Component\03. Script">
      <UniqueIdentifier>{79198069-47c7-4da9-bc79-ecee68d48db3}</UniqueIdentifier>
    </Filter>
    <Filter Include="01. Utility\04. Component\04. MeshRenderer">
      <UniqueIdentifier>{e949251b-00ae-4c7b-8686-90ce6dfe4a92}</UniqueIdentifier>
    </Filter>
    <Filter Include="01. Utility\04. Component\06. Environment">
      <UniqueIdentifier>{d3e777f4-f8c2-4bd8-8c22-7e0ef2410d33}</UniqueIdentifier>
    </Filter>
    <Filter Include="01. Utility\04. Component\06. Environment\01. Camera">
      <UniqueIdentifier>{72fb26ab-06bb-436e-a53c-e948e806a021}</UniqueIdentifier>
    </Filter>
    <Filter Include="01. Utility\04. Component\06. Environment\02. Light">
      <UniqueIdentifier>{c954117d-e1a8-4a5d-aadd-c67e9377dbc7}</UniqueIdentifier>
    </Filter>
    <Filter Include="01. Utility\04. Component\06. Environment\00. Environment_Processor">
      <UniqueIdentifier>{d0acda3e-d0c5-4252-bf78-c98f8c0d3827}</UniqueIdentifier>
    </Filter>
    <Filter Include="00. System\02. Ray">
      <UniqueIdentifier>{12b1fdc8-afe2-443f-82fe-3a583b45df56}</UniqueIdentifier>
    </Filter>
    <Filter Include="00. System\99. GameInstance">
      <UniqueIdentifier>{7f93f160-c286-4d4f-be97-160b84aedff9}</UniqueIdentifier>
    </Filter>
    <Filter Include="01. Utility\05. Resource\05. Model">
      <UniqueIdentifier>{e68221df-4f6c-4bc3-a617-7d2315a490cb}</UniqueIdentifier>
    </Filter>
    <Filter Include="01. Utility\04. Component\02. Physics\Collider">
      <UniqueIdentifier>{00b1141c-d6f2-4556-a7b0-0c08950fed20}</UniqueIdentifier>
    </Filter>
    <Filter Include="01. Utility\04. Component\02. Physics\Rigidbody">
      <UniqueIdentifier>{099c066c-9a75-4826-a395-5fcef36dad66}</UniqueIdentifier>
    </Filter>
    <Filter Include="01. Utility\04. Component\02. Physics\Workers">
      <UniqueIdentifier>{2bcf3cac-fca8-4836-be4e-7fb5fa2cf738}</UniqueIdentifier>
    </Filter>
    <Filter Include="01. Utility\04. Component\02. Physics\Workers\Collider">
      <UniqueIdentifier>{3fbd95d7-2794-4ce0-bdf0-ab85a39921dc}</UniqueIdentifier>
    </Filter>
    <Filter Include="01. Utility\04. Component\02. Physics\Workers\Rigidbody">
      <UniqueIdentifier>{7d3bbcb2-4fa0-424e-9b0f-d2168db8e5c4}</UniqueIdentifier>
    </Filter>
    <Filter Include="01. Utility\04. Component\02. Physics\SpringJoint">
      <UniqueIdentifier>{8c4490a1-ee23-4aca-b6bb-aa9a1e53dcd5}</UniqueIdentifier>
    </Filter>
    <Filter Include="01. Utility\98. Debug">
      <UniqueIdentifier>{a2a79021-a7f6-46cf-b6b3-097e376eb440}</UniqueIdentifier>
    </Filter>
    <Filter Include="01. Utility\05. Resource\06. Skeleton">
      <UniqueIdentifier>{8903acb3-228d-4a3c-90c9-2b23b5ccd5cf}</UniqueIdentifier>
    </Filter>
    <Filter Include="01. Utility\05. Resource\07. Animation_Clip">
      <UniqueIdentifier>{85d51a10-154b-4d54-89c9-cf713131c709}</UniqueIdentifier>
    </Filter>
    <Filter Include="01. Utility\04. Component\05. Animator">
      <UniqueIdentifier>{423b8df5-5d12-4692-9654-40e47e83260d}</UniqueIdentifier>
    </Filter>
    <Filter Include="01. Utility\05. Resource\08. Font">
      <UniqueIdentifier>{c9953fa1-59b8-4b2a-a56a-0ae379c4a0bc}</UniqueIdentifier>
    </Filter>
  </ItemGroup>
  <ItemGroup>
    <ClInclude Include="..\Public\Engine_Typedef.h">
      <Filter>99. Defines</Filter>
    </ClInclude>
    <ClInclude Include="..\Public\Engine_Macro.h">
      <Filter>99. Defines</Filter>
    </ClInclude>
    <ClInclude Include="..\Public\Engine_Function.h">
      <Filter>99. Defines</Filter>
    </ClInclude>
    <ClInclude Include="..\Public\Engine_Enum.h">
      <Filter>99. Defines</Filter>
    </ClInclude>
    <ClInclude Include="..\Public\Engine_Define.h">
      <Filter>99. Defines</Filter>
    </ClInclude>
    <ClInclude Include="..\Public\Base.h">
      <Filter>01. Utility\99. SuperClass</Filter>
    </ClInclude>
    <ClInclude Include="..\Public\Graphic_Device.h">
      <Filter>00. System\00. Device\Graphic</Filter>
    </ClInclude>
    <ClInclude Include="..\Public\Core_System.h">
      <Filter>01. Utility\00. Core_System</Filter>
    </ClInclude>
    <ClInclude Include="..\Public\Logger.h">
      <Filter>00. System\06. Log</Filter>
    </ClInclude>
    <ClInclude Include="..\Public\Transform.h">
      <Filter>01. Utility\04. Component\01. Transform</Filter>
    </ClInclude>
    <ClInclude Include="..\Public\ISink.h">
      <Filter>00. System\06. Log</Filter>
    </ClInclude>
    <ClInclude Include="..\Public\Engine_Math.h">
      <Filter>99. Defines</Filter>
    </ClInclude>
    <ClInclude Include="..\Public\Engine_Log.h">
      <Filter>99. Defines</Filter>
    </ClInclude>
    <ClInclude Include="..\Public\Timer.h">
      <Filter>00. System\01. Timer</Filter>
    </ClInclude>
    <ClInclude Include="..\Public\Timer_System.h">
      <Filter>00. System\01. Timer</Filter>
    </ClInclude>
    <ClInclude Include="..\Public\CLI_Sink.h">
      <Filter>00. System\06. Log</Filter>
    </ClInclude>
    <ClInclude Include="..\Public\Component_Pool.h">
      <Filter>01. Utility\04. Component\00. ComponentSystem</Filter>
    </ClInclude>
    <ClInclude Include="..\Public\Component_Processor.h">
      <Filter>01. Utility\04. Component\00. ComponentSystem</Filter>
    </ClInclude>
    <ClInclude Include="..\..\ThirdParty\magic_enum.hpp">
      <Filter>ThirdParty</Filter>
    </ClInclude>
    <ClInclude Include="..\Public\ComponentGroup_Manager.h">
      <Filter>01. Utility\04. Component\00. ComponentSystem</Filter>
    </ClInclude>
    <ClInclude Include="..\Public\Component_System.h">
      <Filter>01. Utility\04. Component\00. ComponentSystem</Filter>
    </ClInclude>
    <ClInclude Include="..\Public\Component_Processor_Impl.h">
      <Filter>01. Utility\04. Component\00. ComponentSystem</Filter>
    </ClInclude>
    <ClInclude Include="..\Public\CComponent_Proxy_Base.h">
      <Filter>01. Utility\04. Component\00. ComponentSystem</Filter>
    </ClInclude>
    <ClInclude Include="..\Public\Event.h">
      <Filter>00. System\11. Event</Filter>
    </ClInclude>
    <ClInclude Include="..\Public\Scene.h">
      <Filter>01. Utility\01. Scene</Filter>
    </ClInclude>
    <ClInclude Include="..\Public\Scene_Handler.h">
      <Filter>01. Utility\01. Scene</Filter>
    </ClInclude>
    <ClInclude Include="..\Public\Event_System.h">
      <Filter>00. System\11. Event</Filter>
    </ClInclude>
    <ClInclude Include="..\Public\GUI_Sink.h">
      <Filter>00. System\06. Log</Filter>
    </ClInclude>
    <ClInclude Include="..\Public\Prototype.h">
      <Filter>00. System\09. Prototype\Prototype</Filter>
    </ClInclude>
    <ClInclude Include="..\Public\Component_Spec.h">
      <Filter>01. Utility\04. Component\98. Spec</Filter>
    </ClInclude>
    <ClInclude Include="..\Public\Prototype_Handler.h">
      <Filter>00. System\09. Prototype</Filter>
    </ClInclude>
    <ClInclude Include="..\Public\String_Utils.h">
      <Filter>98. Util</Filter>
    </ClInclude>
    <ClInclude Include="..\Public\Engine_SDK.h">
      <Filter>99. Defines</Filter>
    </ClInclude>
    <ClInclude Include="..\Public\Engine_MathDX.h">
      <Filter>98. Util</Filter>
    </ClInclude>
    <ClInclude Include="..\Public\Transform_Processor.h">
      <Filter>01. Utility\04. Component\01. Transform</Filter>
    </ClInclude>
    <ClInclude Include="..\Public\Texture.h">
      <Filter>01. Utility\05. Resource\04. Texture</Filter>
    </ClInclude>
    <ClInclude Include="..\Public\Resource_System.h">
      <Filter>00. System\05. Resource</Filter>
    </ClInclude>
    <ClInclude Include="..\Public\Identity.h">
      <Filter>00. System\05. Resource\Asset</Filter>
    </ClInclude>
    <ClInclude Include="..\Public\Asset_Meta.h">
      <Filter>00. System\05. Resource\Asset</Filter>
    </ClInclude>
    <ClInclude Include="..\Public\Asset_Registry.h">
      <Filter>00. System\05. Resource\Asset</Filter>
    </ClInclude>
    <ClInclude Include="..\Public\Texture_Storage.h">
      <Filter>00. System\05. Resource\Texture</Filter>
    </ClInclude>
    <ClInclude Include="..\Public\Engine_Struct.h">
      <Filter>99. Defines\Engine_Struct</Filter>
    </ClInclude>
    <ClInclude Include="..\Public\Object_Struct.h">
      <Filter>99. Defines\Engine_Struct</Filter>
    </ClInclude>
    <ClInclude Include="..\Public\Spec_Struct.h">
      <Filter>99. Defines\Engine_Struct</Filter>
    </ClInclude>
    <ClInclude Include="..\Public\Component_Struct.h">
      <Filter>99. Defines\Engine_Struct</Filter>
    </ClInclude>
    <ClInclude Include="..\Public\MeshBuilder.h">
      <Filter>01. Utility\05. Resource\01. Mesh</Filter>
    </ClInclude>
    <ClInclude Include="..\Public\Mesh.h">
      <Filter>01. Utility\05. Resource\01. Mesh</Filter>
    </ClInclude>
    <ClInclude Include="..\Public\Material.h">
      <Filter>01. Utility\05. Resource\02. Material</Filter>
    </ClInclude>
    <ClInclude Include="..\Public\MaterialBuilder.h">
      <Filter>01. Utility\05. Resource\02. Material</Filter>
    </ClInclude>
    <ClInclude Include="..\Public\Shader.h">
      <Filter>01. Utility\05. Resource\03. Shader</Filter>
    </ClInclude>
    <ClInclude Include="..\Public\ShaderBuilder.h">
      <Filter>01. Utility\05. Resource\03. Shader</Filter>
    </ClInclude>
    <ClInclude Include="..\Public\MeshRenderer.h">
      <Filter>01. Utility\04. Component\04. MeshRenderer</Filter>
    </ClInclude>
    <ClInclude Include="..\Public\CRender_System.h">
      <Filter>00. System\03. Renderer</Filter>
    </ClInclude>
    <ClInclude Include="..\Public\MeshRenderer_Processor.h">
      <Filter>01. Utility\04. Component\04. MeshRenderer</Filter>
    </ClInclude>
    <ClInclude Include="..\Public\Render_Struct.h">
      <Filter>99. Defines\Engine_Struct</Filter>
    </ClInclude>
    <ClInclude Include="..\Public\Input_System.h">
      <Filter>00. System\04. Input</Filter>
    </ClInclude>
    <ClInclude Include="..\Public\Physics_Struct.h">
      <Filter>99. Defines\Engine_Struct</Filter>
    </ClInclude>
    <ClInclude Include="..\Public\GameObject.h">
      <Filter>01. Utility\03. Object\GameObject</Filter>
    </ClInclude>
    <ClInclude Include="..\Public\GameObject_System.h">
      <Filter>01. Utility\03. Object\GameObject</Filter>
    </ClInclude>
    <ClInclude Include="..\Public\RectTransform.h">
      <Filter>01. Utility\04. Component\07. RectTransform</Filter>
    </ClInclude>
    <ClInclude Include="..\Public\RectTransform_Processor.h">
      <Filter>01. Utility\04. Component\07. RectTransform</Filter>
    </ClInclude>
    <ClInclude Include="..\Public\CanvasRenderer.h">
      <Filter>01. Utility\04. Component\08. CanvasRenderer</Filter>
    </ClInclude>
    <ClInclude Include="..\Public\CanvasRenderer_Processor.h">
      <Filter>01. Utility\04. Component\08. CanvasRenderer</Filter>
    </ClInclude>
    <ClInclude Include="..\Public\GameObject_Event.h">
      <Filter>00. System\11. Event\Events</Filter>
    </ClInclude>
    <ClInclude Include="..\Public\WindowResize_Event.h">
      <Filter>00. System\11. Event\Events</Filter>
    </ClInclude>
    <ClInclude Include="..\Public\LayerHelper.h">
      <Filter>01. Utility\02. Layer</Filter>
    </ClInclude>
    <ClInclude Include="..\Public\UI_Processor.h">
      <Filter>01. Utility\04. Component\9. UI_Components</Filter>
    </ClInclude>
    <ClInclude Include="..\Public\UIImage.h">
      <Filter>01. Utility\04. Component\9. UI_Components</Filter>
    </ClInclude>
    <ClInclude Include="..\Public\UIButton.h">
      <Filter>01. Utility\04. Component\9. UI_Components</Filter>
    </ClInclude>
    <ClInclude Include="..\Public\BuiltIn_GUID.h">
      <Filter>00. System\05. Resource\Asset</Filter>
    </ClInclude>
    <ClInclude Include="..\Public\Editor_System.h">
      <Filter>00. System\07. Editor</Filter>
    </ClInclude>
    <ClInclude Include="..\Public\SceneChange_Event.h">
      <Filter>00. System\11. Event\Events</Filter>
    </ClInclude>
    <ClInclude Include="..\Public\Render_Context.h">
      <Filter>00. System\03. Renderer</Filter>
    </ClInclude>
    <ClInclude Include="..\Public\Script.h">
      <Filter>01. Utility\04. Component\03. Script</Filter>
    </ClInclude>
    <ClInclude Include="..\Public\Script_Processor.h">
      <Filter>01. Utility\04. Component\03. Script</Filter>
    </ClInclude>
    <ClInclude Include="..\Public\Script_Handler.h">
      <Filter>01. Utility\04. Component\03. Script</Filter>
    </ClInclude>
    <ClInclude Include="..\Public\Script_Register.h">
      <Filter>01. Utility\04. Component\03. Script</Filter>
    </ClInclude>
    <ClInclude Include="..\Public\Camera.h">
      <Filter>01. Utility\04. Component\06. Environment\01. Camera</Filter>
    </ClInclude>
    <ClInclude Include="..\Public\Light.h">
      <Filter>01. Utility\04. Component\06. Environment\02. Light</Filter>
    </ClInclude>
    <ClInclude Include="..\Public\Environment_Processor.h">
      <Filter>01. Utility\04. Component\06. Environment\00. Environment_Processor</Filter>
    </ClInclude>
    <ClInclude Include="..\Public\Converter_Struct.h">
      <Filter>99. Defines\Engine_Struct</Filter>
    </ClInclude>
    <ClInclude Include="..\Public\Load_Helper.h">
      <Filter>00. System\05. Resource</Filter>
    </ClInclude>
    <ClInclude Include="..\Public\GameInstance.h">
      <Filter>00. System\99. GameInstance</Filter>
    </ClInclude>
    <ClInclude Include="..\Public\Model.h">
      <Filter>01. Utility\05. Resource\05. Model</Filter>
    </ClInclude>
    <ClInclude Include="..\Public\Collider.h">
      <Filter>01. Utility\04. Component\02. Physics\Collider</Filter>
    </ClInclude>
    <ClInclude Include="..\Public\Collision_Detector.h">
      <Filter>01. Utility\04. Component\02. Physics\Workers\Collider</Filter>
    </ClInclude>
    <ClInclude Include="..\Public\Collider_Proxy_Builder.h">
      <Filter>01. Utility\04. Component\02. Physics\Workers\Collider</Filter>
    </ClInclude>
    <ClInclude Include="..\Public\Rigidbody.h">
      <Filter>01. Utility\04. Component\02. Physics\Rigidbody</Filter>
    </ClInclude>
    <ClInclude Include="..\Public\Physics_Processor.h">
      <Filter>01. Utility\04. Component\02. Physics</Filter>
    </ClInclude>
    <ClInclude Include="..\Public\Rigidbody_Builder.h">
      <Filter>01. Utility\04. Component\02. Physics\Workers\Rigidbody</Filter>
    </ClInclude>
    <ClInclude Include="..\Public\Solver.h">
      <Filter>01. Utility\04. Component\02. Physics\Workers\Rigidbody</Filter>
    </ClInclude>
    <ClInclude Include="..\Public\BUTTON_EVENT_DATA.h">
      <Filter>00. System\11. Event\Events</Filter>
    </ClInclude>
    <ClInclude Include="..\Public\ScriptField_Reflection.h">
      <Filter>01. Utility\04. Component\03. Script</Filter>
    </ClInclude>
    <ClInclude Include="..\Public\SpringJoint.h">
      <Filter>01. Utility\04. Component\02. Physics\SpringJoint</Filter>
    </ClInclude>
    <ClInclude Include="..\Public\Debug_Renderer.h">
      <Filter>01. Utility\98. Debug</Filter>
    </ClInclude>
    <ClInclude Include="..\Public\DebugDraw.h">
      <Filter>01. Utility\98. Debug</Filter>
    </ClInclude>
    <ClInclude Include="..\Public\Spec_Util.h">
      <Filter>01. Utility\04. Component\07. RectTransform</Filter>
    </ClInclude>
    <ClInclude Include="..\Public\Raycast.h">
      <Filter>00. System\02. Ray</Filter>
    </ClInclude>
    <ClInclude Include="..\Public\Line.h">
      <Filter>00. System\05. Resource\Asset</Filter>
    </ClInclude>
    <ClInclude Include="..\Public\Skeleton.h">
      <Filter>01. Utility\05. Resource\06. Skeleton</Filter>
    </ClInclude>
    <ClInclude Include="..\Public\Animation_Clip.h">
      <Filter>01. Utility\05. Resource\07. Animation_Clip</Filter>
    </ClInclude>
    <ClInclude Include="..\Public\Animator.h">
      <Filter>01. Utility\04. Component\05. Animator</Filter>
    </ClInclude>
    <ClInclude Include="..\Public\Animator_Processor.h">
      <Filter>01. Utility\04. Component\05. Animator</Filter>
    </ClInclude>
    <ClInclude Include="..\Public\UIText.h">
      <Filter>01. Utility\04. Component\9. UI_Components</Filter>
    </ClInclude>
    <ClInclude Include="..\Public\Font.h">
      <Filter>01. Utility\05. Resource\08. Font</Filter>
    </ClInclude>
  </ItemGroup>
  <ItemGroup>
    <ClCompile Include="..\Private\Base.cpp">
      <Filter>01. Utility\99. SuperClass</Filter>
    </ClCompile>
    <ClCompile Include="..\Private\Graphic_Device.cpp">
      <Filter>00. System\00. Device\Graphic</Filter>
    </ClCompile>
    <ClCompile Include="..\Private\Core_System.cpp">
      <Filter>01. Utility\00. Core_System</Filter>
    </ClCompile>
    <ClCompile Include="..\Private\Logger.cpp">
      <Filter>00. System\06. Log</Filter>
    </ClCompile>
    <ClCompile Include="..\Private\Transform.cpp">
      <Filter>01. Utility\04. Component\01. Transform</Filter>
    </ClCompile>
    <ClCompile Include="..\Private\ISink.cpp">
      <Filter>00. System\06. Log</Filter>
    </ClCompile>
    <ClCompile Include="..\Private\Timer.cpp">
      <Filter>00. System\01. Timer</Filter>
    </ClCompile>
    <ClCompile Include="..\Private\Timer_System.cpp">
      <Filter>00. System\01. Timer</Filter>
    </ClCompile>
    <ClCompile Include="..\Private\CLI_Sink.cpp">
      <Filter>00. System\06. Log</Filter>
    </ClCompile>
    <ClCompile Include="..\Private\ComponentGroup_Manager.cpp">
      <Filter>01. Utility\04. Component\00. ComponentSystem</Filter>
    </ClCompile>
    <ClCompile Include="..\Private\Component_System.cpp">
      <Filter>01. Utility\04. Component\00. ComponentSystem</Filter>
    </ClCompile>
    <ClCompile Include="..\Private\Scene.cpp">
      <Filter>01. Utility\01. Scene</Filter>
    </ClCompile>
    <ClCompile Include="..\Private\Scene_Handler.cpp">
      <Filter>01. Utility\01. Scene</Filter>
    </ClCompile>
    <ClCompile Include="..\Private\Event_System.cpp">
      <Filter>00. System\11. Event</Filter>
    </ClCompile>
    <ClCompile Include="..\Private\GUI_Sink.cpp">
      <Filter>00. System\06. Log</Filter>
    </ClCompile>
    <ClCompile Include="..\Private\Prototype.cpp">
      <Filter>00. System\09. Prototype\Prototype</Filter>
    </ClCompile>
    <ClCompile Include="..\Private\Prototype_Handler.cpp">
      <Filter>00. System\09. Prototype</Filter>
    </ClCompile>
    <ClCompile Include="..\Private\Transform_Processor.cpp">
      <Filter>01. Utility\04. Component\01. Transform</Filter>
    </ClCompile>
    <ClCompile Include="..\Private\Texture.cpp">
      <Filter>01. Utility\05. Resource\04. Texture</Filter>
    </ClCompile>
    <ClCompile Include="..\Private\Resource_System.cpp">
      <Filter>00. System\05. Resource</Filter>
    </ClCompile>
    <ClCompile Include="..\Private\Asset_Registry.cpp">
      <Filter>00. System\05. Resource\Asset</Filter>
    </ClCompile>
    <ClCompile Include="..\Private\Texture_Storage.cpp">
      <Filter>00. System\05. Resource\Texture</Filter>
    </ClCompile>
    <ClCompile Include="..\Private\MeshBuilder.cpp">
      <Filter>01. Utility\05. Resource\01. Mesh</Filter>
    </ClCompile>
    <ClCompile Include="..\Private\MaterialBuilder.cpp">
      <Filter>01. Utility\05. Resource\02. Material</Filter>
    </ClCompile>
    <ClCompile Include="..\Private\ShaderBuilder.cpp">
      <Filter>01. Utility\05. Resource\03. Shader</Filter>
    </ClCompile>
    <ClCompile Include="..\Private\MeshRenderer.cpp">
      <Filter>01. Utility\04. Component\04. MeshRenderer</Filter>
    </ClCompile>
    <ClCompile Include="..\Private\CRender_System.cpp">
      <Filter>00. System\03. Renderer</Filter>
    </ClCompile>
    <ClCompile Include="..\Private\MeshRenderer_Processor.cpp">
      <Filter>01. Utility\04. Component\04. MeshRenderer</Filter>
    </ClCompile>
    <ClCompile Include="..\Private\Input_System.cpp">
      <Filter>00. System\04. Input</Filter>
    </ClCompile>
    <ClCompile Include="..\Private\GameObject.cpp">
      <Filter>01. Utility\03. Object\GameObject</Filter>
    </ClCompile>
    <ClCompile Include="..\Private\GameObject_System.cpp">
      <Filter>01. Utility\03. Object\GameObject</Filter>
    </ClCompile>
    <ClCompile Include="..\Private\RectTransform.cpp">
      <Filter>01. Utility\04. Component\07. RectTransform</Filter>
    </ClCompile>
    <ClCompile Include="..\Private\RectTransform_Processor.cpp">
      <Filter>01. Utility\04. Component\07. RectTransform</Filter>
    </ClCompile>
    <ClCompile Include="..\Private\CanvasRenderer.cpp">
      <Filter>01. Utility\04. Component\08. CanvasRenderer</Filter>
    </ClCompile>
    <ClCompile Include="..\Private\CanvasRenderer_Processor.cpp">
      <Filter>01. Utility\04. Component\08. CanvasRenderer</Filter>
    </ClCompile>
    <ClCompile Include="..\Private\LayerHelper.cpp">
      <Filter>01. Utility\02. Layer</Filter>
    </ClCompile>
    <ClCompile Include="..\Private\UI_Processor.cpp">
      <Filter>01. Utility\04. Component\9. UI_Components</Filter>
    </ClCompile>
    <ClCompile Include="..\Private\UIImage.cpp">
      <Filter>01. Utility\04. Component\9. UI_Components</Filter>
    </ClCompile>
    <ClCompile Include="..\Private\UIButton.cpp">
      <Filter>01. Utility\04. Component\9. UI_Components</Filter>
    </ClCompile>
    <ClCompile Include="..\Private\Editor_System.cpp">
      <Filter>00. System\07. Editor</Filter>
    </ClCompile>
    <ClCompile Include="..\Private\Render_Context.cpp">
      <Filter>00. System\03. Renderer</Filter>
    </ClCompile>
    <ClCompile Include="..\Private\Script_Processor.cpp">
      <Filter>01. Utility\04. Component\03. Script</Filter>
    </ClCompile>
    <ClCompile Include="..\Private\Script_Handler.cpp">
      <Filter>01. Utility\04. Component\03. Script</Filter>
    </ClCompile>
    <ClCompile Include="..\Private\Camera.cpp">
      <Filter>01. Utility\04. Component\06. Environment\01. Camera</Filter>
    </ClCompile>
    <ClCompile Include="..\Private\Light.cpp">
      <Filter>01. Utility\04. Component\06. Environment\02. Light</Filter>
    </ClCompile>
    <ClCompile Include="..\Private\Environment_Processor.cpp">
      <Filter>01. Utility\04. Component\06. Environment\00. Environment_Processor</Filter>
    </ClCompile>
    <ClCompile Include="..\Private\GameInstance.cpp">
      <Filter>00. System\99. GameInstance</Filter>
    </ClCompile>
    <ClCompile Include="..\Private\Collider.cpp">
      <Filter>01. Utility\04. Component\02. Physics\Collider</Filter>
    </ClCompile>
    <ClCompile Include="..\Private\Collider_Proxy_Builder.cpp">
      <Filter>01. Utility\04. Component\02. Physics\Workers\Collider</Filter>
    </ClCompile>
    <ClCompile Include="..\Private\Collision_Detector.cpp">
      <Filter>01. Utility\04. Component\02. Physics\Workers\Collider</Filter>
    </ClCompile>
    <ClCompile Include="..\Private\Rigidbody.cpp">
      <Filter>01. Utility\04. Component\02. Physics\Rigidbody</Filter>
    </ClCompile>
    <ClCompile Include="..\Private\Physics_Processor.cpp">
      <Filter>01. Utility\04. Component\02. Physics</Filter>
    </ClCompile>
    <ClCompile Include="..\Private\Rigidbody_Builder.cpp">
      <Filter>01. Utility\04. Component\02. Physics\Workers\Rigidbody</Filter>
    </ClCompile>
    <ClCompile Include="..\Private\Solver.cpp">
      <Filter>01. Utility\04. Component\02. Physics\Workers\Rigidbody</Filter>
    </ClCompile>
    <ClCompile Include="..\Private\Script.cpp">
      <Filter>01. Utility\04. Component\03. Script</Filter>
    </ClCompile>
    <ClCompile Include="..\Private\SpringJoint.cpp">
      <Filter>01. Utility\04. Component\02. Physics\SpringJoint</Filter>
    </ClCompile>
    <ClCompile Include="..\Private\Debug_Renderer.cpp">
      <Filter>01. Utility\98. Debug</Filter>
    </ClCompile>
    <ClCompile Include="..\Private\DebugDraw.cpp">
      <Filter>01. Utility\98. Debug</Filter>
    </ClCompile>
    <ClCompile Include="..\Public\Identity.cpp">
      <Filter>00. System\05. Resource\Asset</Filter>
    </ClCompile>
    <ClCompile Include="..\Private\Raycast.cpp">
      <Filter>00. System\02. Ray</Filter>
    </ClCompile>
    <ClCompile Include="..\Private\Line.cpp">
      <Filter>00. System\05. Resource\Asset</Filter>
    </ClCompile>
    <ClCompile Include="..\Private\Animator.cpp">
      <Filter>01. Utility\04. Component\05. Animator</Filter>
    </ClCompile>
    <ClCompile Include="..\Private\Animator_Processor.cpp">
      <Filter>01. Utility\04. Component\05. Animator</Filter>
    </ClCompile>
    <ClCompile Include="..\Private\UIText.cpp">
      <Filter>01. Utility\04. Component\9. UI_Components</Filter>
    </ClCompile>
  </ItemGroup>
  <ItemGroup>
    <None Include="..\Public\Component_System.inl">
      <Filter>01. Utility\04. Component\00. ComponentSystem</Filter>
    </None>
    <None Include="..\Public\GameObject.inl">
      <Filter>01. Utility\03. Object\GameObject</Filter>
    </None>
    <None Include="..\..\Docs\Engine\AssetRegistry_Doc.md">
      <Filter>100. Docementation</Filter>
    </None>
    <None Include="..\..\Docs\Engine\Physics_Doc.md">
      <Filter>100. Docementation</Filter>
    </None>
    <None Include="..\..\Docs\Engine\Scene_Doc.md">
      <Filter>100. Docementation</Filter>
    </None>
    <None Include="..\..\Docs\Engine\Script_Doc.md">
      <Filter>100. Docementation</Filter>
    </None>
    <None Include="..\..\Docs\Engine\Render_Doc.md">
      <Filter>100. Docementation</Filter>
    </None>
    <None Include="..\..\Docs\Engine\Animation_Resource.md">
      <Filter>100. Docementation</Filter>
    </None>
  </ItemGroup>
</Project>