<?xml version="1.0" encoding="utf-8"?>
<Project ToolsVersion="4.0" xmlns="http://schemas.microsoft.com/developer/msbuild/2003">
  <ItemGroup>
    <Filter Include="헤더 파일">
      <UniqueIdentifier>{93995380-89BD-4b04-88EB-625FBE52EBFB}</UniqueIdentifier>
      <Extensions>h;hh;hpp;hxx;h++;hm;inl;inc;ipp;xsd</Extensions>
    </Filter>
    <Filter Include="MainApp">
      <UniqueIdentifier>{f1ab0385-4b32-4754-98f6-57ff549c7c58}</UniqueIdentifier>
    </Filter>
    <Filter Include="Test">
      <UniqueIdentifier>{b4d703de-d321-49be-b037-240778cf8662}</UniqueIdentifier>
    </Filter>
    <Filter Include="Utils">
      <UniqueIdentifier>{f79c4af5-90da-4703-a700-55ee7ad04026}</UniqueIdentifier>
    </Filter>
  </ItemGroup>
  <ItemGroup>
    <ClInclude Include="..\Public\MainApp.h">
      <Filter>MainApp</Filter>
    </ClInclude>
    <ClInclude Include="..\Public\Client_Define.h">
      <Filter>헤더 파일</Filter>
    </ClInclude>
    <ClInclude Include="..\Public\Tester.h">
      <Filter>Test</Filter>
    </ClInclude>
    <ClInclude Include="..\Public\Script_Registry.h">
      <Filter>Utils</Filter>
    </ClInclude>
    <ClInclude Include="..\Public\CScript_Test.h">
      <Filter>Test</Filter>
    </ClInclude>
    <ClInclude Include="..\Public\PrototypeTest.h">
      <Filter>MainApp</Filter>
    </ClInclude>
    <ClInclude Include="..\Public\FirstScene.h">
      <Filter>MainApp</Filter>
    </ClInclude>
  </ItemGroup>
  <ItemGroup>
    <ClCompile Include="..\Private\MainApp.cpp">
      <Filter>MainApp</Filter>
    </ClCompile>
    <ClCompile Include="..\Private\Tester.cpp">
      <Filter>Test</Filter>
    </ClCompile>
    <ClCompile Include="..\Private\Script_Registry.gen.cpp">
      <Filter>MainApp</Filter>
    </ClCompile>
    <ClCompile Include="..\Private\CScript_Test.cpp">
      <Filter>Test</Filter>
    </ClCompile>
    <ClCompile Include="..\Private\PrototypeTest.cpp">
      <Filter>MainApp</Filter>
    </ClCompile>
    <ClCompile Include="..\Private\FirstScene.cpp">
      <Filter>MainApp</Filter>
    </ClCompile>
  </ItemGroup>
</Project>