<?xml version="1.0" encoding="utf-8"?>
<Project ToolsVersion="4.0" xmlns="http://schemas.microsoft.com/developer/msbuild/2003">
  <ItemGroup>
    <Filter Include="헤더 파일">
      <UniqueIdentifier>{93995380-89BD-4b04-88EB-625FBE52EBFB}</UniqueIdentifier>
      <Extensions>h;hh;hpp;hxx;h++;hm;inl;inc;ipp;xsd</Extensions>
    </Filter>
    <Filter Include="MainApp">
      <UniqueIdentifier>{f1ab0385-4b32-4754-98f6-57ff549c7c58}</UniqueIdentifier>
    </Filter>
    <Filter Include="Test">
      <UniqueIdentifier>{b4d703de-d321-49be-b037-240778cf8662}</UniqueIdentifier>
    </Filter>
    <Filter Include="Utils">
      <UniqueIdentifier>{f79c4af5-90da-4703-a700-55ee7ad04026}</UniqueIdentifier>
    </Filter>
    <Filter Include="Shaders">
      <UniqueIdentifier>{31b12ced-c710-4770-96d8-31bf93eb319e}</UniqueIdentifier>
    </Filter>
    <Filter Include="Player">
      <UniqueIdentifier>{73892fe4-c0ef-47a5-b98a-3b455a80c7bf}</UniqueIdentifier>
    </Filter>
    <Filter Include="Player\PlayerStateMachine">
      <UniqueIdentifier>{bfa61ad5-dce1-46a1-9fe6-d2cb97fa1ed8}</UniqueIdentifier>
    </Filter>
    <Filter Include="Common">
      <UniqueIdentifier>{f01b4453-0278-4a42-9173-98b98989d634}</UniqueIdentifier>
    </Filter>
    <Filter Include="Common\State">
      <UniqueIdentifier>{9396ee1b-2171-4493-889b-836bd7f3ca33}</UniqueIdentifier>
    </Filter>
    <Filter Include="Player\PlayerState">
      <UniqueIdentifier>{60556078-2539-4cd3-b604-cb15d3fe44cc}</UniqueIdentifier>
    </Filter>
    <Filter Include="Player\PlayerController">
      <UniqueIdentifier>{f281a2f8-24d2-4c75-9f96-039dc5ddc96d}</UniqueIdentifier>
    </Filter>
    <Filter Include="Camera">
      <UniqueIdentifier>{3667b0b7-bc15-40e2-a1c3-c08e79de2444}</UniqueIdentifier>
    </Filter>
    <Filter Include="Equipment">
      <UniqueIdentifier>{40feaf96-3321-4f82-ba73-03f504c31bfd}</UniqueIdentifier>
    </Filter>
    <Filter Include="Common\GroundChecker">
      <UniqueIdentifier>{740f9326-30cf-4a81-88e0-f0ebfa3edea2}</UniqueIdentifier>
    </Filter>
    <Filter Include="UI">
      <UniqueIdentifier>{b49b425a-ee91-407f-90bf-ed24769cf2d5}</UniqueIdentifier>
    </Filter>
    <Filter Include="UI\HUD">
      <UniqueIdentifier>{f049f1a7-e261-4a2b-8b72-41d034685f69}</UniqueIdentifier>
    </Filter>
    <Filter Include="Common\HitBox">
      <UniqueIdentifier>{a5a5d237-93bd-42bf-ad35-a745d6a6d82a}</UniqueIdentifier>
    </Filter>
    <Filter Include="Titan">
      <UniqueIdentifier>{30f01a9c-7884-43a8-ba9a-b9ba107e7bd9}</UniqueIdentifier>
    </Filter>
    <Filter Include="Titan\NormalTitan">
      <UniqueIdentifier>{2e4091f7-2ba5-4056-86fe-dcf13721fccf}</UniqueIdentifier>
    </Filter>
    <Filter Include="Titan\NormalTitan\NormalTitanState">
      <UniqueIdentifier>{61e3a43c-d3c7-4661-8348-4ea6cb7d1b60}</UniqueIdentifier>
    </Filter>
    <Filter Include="Titan\State">
      <UniqueIdentifier>{0d490da6-12a1-4323-a3d1-e852f9c50e74}</UniqueIdentifier>
    </Filter>
    <Filter Include="Scout">
      <UniqueIdentifier>{2bd3a9d3-de32-48b6-a8aa-2e587ff02c0b}</UniqueIdentifier>
    </Filter>
    <Filter Include="Managers">
      <UniqueIdentifier>{6950d9bf-fcde-49e1-9cd4-6f81dfefb151}</UniqueIdentifier>
    </Filter>
  </ItemGroup>
  <ItemGroup>
    <ClInclude Include="..\Public\MainApp.h">
      <Filter>MainApp</Filter>
    </ClInclude>
    <ClInclude Include="..\Public\Tester.h">
      <Filter>Test</Filter>
    </ClInclude>
    <ClInclude Include="..\Public\Script_Registry.h">
      <Filter>Utils</Filter>
    </ClInclude>
    <ClInclude Include="..\Public\Hello.h">
      <Filter>Test</Filter>
    </ClInclude>
    <ClInclude Include="..\Public\Player.h">
      <Filter>Player</Filter>
    </ClInclude>
    <ClInclude Include="..\Public\PlayerStateMachine.h">
      <Filter>Player\PlayerStateMachine</Filter>
    </ClInclude>
    <ClInclude Include="..\Public\StateMachine.h">
      <Filter>Common\State</Filter>
    </ClInclude>
    <ClInclude Include="..\Public\State.h">
      <Filter>Common\State</Filter>
    </ClInclude>
    <ClInclude Include="..\Public\PlayerState.h">
      <Filter>Player\PlayerState</Filter>
    </ClInclude>
    <ClInclude Include="..\Public\PlayerState_GroundedMove.h">
      <Filter>Player\PlayerState</Filter>
    </ClInclude>
    <ClInclude Include="..\Public\PlayerState_AirborneMove.h">
      <Filter>Player\PlayerState</Filter>
    </ClInclude>
    <ClInclude Include="..\Public\Player_Struct.h">
      <Filter>Player</Filter>
    </ClInclude>
    <ClInclude Include="..\Public\Client_Define.h">
      <Filter>헤더 파일</Filter>
    </ClInclude>
    <ClInclude Include="..\Public\Player_InputController.h">
      <Filter>Player\PlayerController</Filter>
    </ClInclude>
    <ClInclude Include="..\Public\CameraController.h">
      <Filter>Camera</Filter>
    </ClInclude>
    <ClInclude Include="..\Public\MainMenu_Controller.h">
      <Filter>MainApp</Filter>
    </ClInclude>
    <ClInclude Include="..\Public\Easing_Function.h">
      <Filter>Common</Filter>
    </ClInclude>
    <ClInclude Include="..\Public\FreeCam.h">
      <Filter>Test</Filter>
    </ClInclude>
    <ClInclude Include="..\Public\GameManager.h">
      <Filter>MainApp</Filter>
    </ClInclude>
    <ClInclude Include="..\Public\ODM_Gear.h">
      <Filter>Equipment</Filter>
    </ClInclude>
    <ClInclude Include="..\Public\Rope.h">
      <Filter>Equipment</Filter>
    </ClInclude>
    <ClInclude Include="..\Publict\Equipment_Struct.h">
      <Filter>Equipment</Filter>
    </ClInclude>
    <ClInclude Include="..\Public\PlayerState_Idle.h">
      <Filter>Player\PlayerState</Filter>
    </ClInclude>
    <ClInclude Include="..\Public\AnimationClip_Player.h">
      <Filter>Player</Filter>
    </ClInclude>
    <ClInclude Include="..\Public\PlayerState_Jump.h">
      <Filter>Player\PlayerState</Filter>
    </ClInclude>
    <ClInclude Include="..\Public\GroundChecker.h">
      <Filter>Common\GroundChecker</Filter>
    </ClInclude>
    <ClInclude Include="..\Public\UI_BladeController.h">
      <Filter>UI\HUD</Filter>
    </ClInclude>
    <ClInclude Include="..\Public\UI_GasController.h">
      <Filter>UI\HUD</Filter>
    </ClInclude>
    <ClInclude Include="..\Public\UI_SkillController.h">
      <Filter>UI\HUD</Filter>
    </ClInclude>
    <ClInclude Include="..\Public\HUDController.h">
      <Filter>UI\HUD</Filter>
    </ClInclude>
    <ClInclude Include="..\Public\Player_SkillController.h">
      <Filter>Player\PlayerController</Filter>
    </ClInclude>
    <ClInclude Include="..\Public\PlayerState_GroundedAttack.h">
      <Filter>Player\PlayerState</Filter>
    </ClInclude>
    <ClInclude Include="..\Public\PlayerState_AirborneAttack.h">
      <Filter>Player\PlayerState</Filter>
    </ClInclude>
    <ClInclude Include="..\Public\ThrownBlade.h">
      <Filter>Equipment</Filter>
    </ClInclude>
    <ClInclude Include="..\Public\PlayerState_Reload.h">
      <Filter>Player\PlayerState</Filter>
    </ClInclude>
    <ClInclude Include="..\Public\PlayerState_Resupply.h">
      <Filter>Player\PlayerState</Filter>
    </ClInclude>
    <ClInclude Include="..\Public\PlayerState_Dodge.h">
      <Filter>Player\PlayerState</Filter>
    </ClInclude>
    <ClInclude Include="..\Public\Titan_Struct.h">
      <Filter>Titan</Filter>
    </ClInclude>
    <ClInclude Include="..\Public\AnimationClip_Titan.h">
      <Filter>Titan</Filter>
    </ClInclude>
    <ClInclude Include="..\Public\NormalTitan.h">
      <Filter>Titan\NormalTitan</Filter>
    </ClInclude>
    <ClInclude Include="..\Public\NormalTitanStateMachine.h">
      <Filter>Titan\State</Filter>
    </ClInclude>
    <ClInclude Include="..\Public\TitanState.h">
      <Filter>Titan\State</Filter>
    </ClInclude>
    <ClInclude Include="..\Public\NormalTitanState_Move.h">
      <Filter>Titan\NormalTitan\NormalTitanState</Filter>
    </ClInclude>
    <ClInclude Include="..\Public\NormalTitanState_Idle.h">
      <Filter>Titan\NormalTitan\NormalTitanState</Filter>
    </ClInclude>
    <ClInclude Include="..\Public\Entity_Define.h">
      <Filter>Common</Filter>
    </ClInclude>
    <ClInclude Include="..\Public\Scout.h">
      <Filter>Scout</Filter>
    </ClInclude>
    <ClInclude Include="..\Public\Scout_Define.h">
      <Filter>Scout</Filter>
    </ClInclude>
    <ClInclude Include="..\Public\ScoutBehavior.h">
      <Filter>Scout</Filter>
    </ClInclude>
    <ClInclude Include="..\Public\ScoutBehavior_Runaway.h">
      <Filter>Scout</Filter>
    </ClInclude>
    <ClInclude Include="..\Public\NormalTitanState_Chase.h">
      <Filter>Titan\NormalTitan\NormalTitanState</Filter>
    </ClInclude>
    <ClInclude Include="..\Public\TargetSensor.h">
      <Filter>Titan</Filter>
    </ClInclude>
    <ClInclude Include="..\Public\TitanBound_Controller.h">
      <Filter>Titan</Filter>
    </ClInclude>
    <ClInclude Include="..\Public\Titan_Hand.h">
      <Filter>Titan</Filter>
    </ClInclude>
    <ClInclude Include="..\Public\NormalTitanState_Grab.h">
      <Filter>Titan\NormalTitan\NormalTitanState</Filter>
    </ClInclude>
    <ClInclude Include="..\Public\PlayerState_Grabbed.h">
      <Filter>Player\PlayerState</Filter>
    </ClInclude>
    <ClInclude Include="..\Public\UIManager.h">
      <Filter>헤더 파일</Filter>
    </ClInclude>
    <ClInclude Include="..\Public\NormalTitanState_Dead.h">
      <Filter>Titan\NormalTitan\NormalTitanState</Filter>
    </ClInclude>
    <ClInclude Include="..\Public\HitBox.h">
      <Filter>Common\HitBox</Filter>
    </ClInclude>
    <ClInclude Include="..\Public\HurtBox.h">
      <Filter>Common\HitBox</Filter>
    </ClInclude>
  </ItemGroup>
  <ItemGroup>
    <ClCompile Include="..\Private\MainApp.cpp">
      <Filter>MainApp</Filter>
    </ClCompile>
    <ClCompile Include="..\Private\Tester.cpp">
      <Filter>Test</Filter>
    </ClCompile>
    <ClCompile Include="..\Private\Script_Registry.gen.cpp">
      <Filter>MainApp</Filter>
    </ClCompile>
    <ClCompile Include="..\Private\Hello.cpp">
      <Filter>Test</Filter>
    </ClCompile>
    <ClCompile Include="..\Private\Player.cpp">
      <Filter>Player</Filter>
    </ClCompile>
    <ClCompile Include="..\Private\PlayerStateMachine.cpp">
      <Filter>Player\PlayerStateMachine</Filter>
    </ClCompile>
    <ClCompile Include="..\Private\StateMachine.cpp">
      <Filter>Common\State</Filter>
    </ClCompile>
    <ClCompile Include="..\Private\State.cpp">
      <Filter>Common\State</Filter>
    </ClCompile>
    <ClCompile Include="..\Private\PlayerState.cpp">
      <Filter>Player\PlayerState</Filter>
    </ClCompile>
    <ClCompile Include="..\Private\PlayerState_GroundedMove.cpp">
      <Filter>Player\PlayerState</Filter>
    </ClCompile>
    <ClCompile Include="..\Private\PlayerState_AirborneMove.cpp">
      <Filter>Player\PlayerState</Filter>
    </ClCompile>
    <ClCompile Include="..\Private\Player_InputController.cpp">
      <Filter>Player\PlayerController</Filter>
    </ClCompile>
    <ClCompile Include="..\Private\CameraController.cpp">
      <Filter>Camera</Filter>
    </ClCompile>
    <ClCompile Include="..\Private\MainMenu_Controller.cpp">
      <Filter>MainApp</Filter>
    </ClCompile>
    <ClCompile Include="..\Private\FreeCam.cpp">
      <Filter>Test</Filter>
    </ClCompile>
    <ClCompile Include="..\Private\GameManager.cpp">
      <Filter>MainApp</Filter>
    </ClCompile>
    <ClCompile Include="..\Private\ODM_Gear.cpp">
      <Filter>Equipment</Filter>
    </ClCompile>
    <ClCompile Include="..\Private\Rope.cpp">
      <Filter>Equipment</Filter>
    </ClCompile>
    <ClCompile Include="..\Private\PlayerState_Idle.cpp">
      <Filter>Player\PlayerState</Filter>
    </ClCompile>
    <ClCompile Include="..\Private\PlayerState_Jump.cpp">
      <Filter>Player\PlayerState</Filter>
    </ClCompile>
    <ClCompile Include="..\Private\GroundChecker.cpp">
      <Filter>Common\GroundChecker</Filter>
    </ClCompile>
    <ClCompile Include="..\Private\UI_BladeController.cpp">
      <Filter>UI\HUD</Filter>
    </ClCompile>
    <ClCompile Include="..\Private\UI_GasController.cpp">
      <Filter>UI\HUD</Filter>
    </ClCompile>
    <ClCompile Include="..\Private\UI_SkillController.cpp">
      <Filter>UI\HUD</Filter>
    </ClCompile>
    <ClCompile Include="..\Private\HUDController.cpp">
      <Filter>UI\HUD</Filter>
    </ClCompile>
    <ClCompile Include="..\Private\Player_SkillController.cpp">
      <Filter>Player\PlayerController</Filter>
    </ClCompile>
    <ClCompile Include="..\Private\PlayerState_GroundedAttack.cpp">
      <Filter>Player\PlayerState</Filter>
    </ClCompile>
    <ClCompile Include="..\Private\PlayerState_AirborneAttack.cpp">
      <Filter>Player\PlayerState</Filter>
    </ClCompile>
    <ClCompile Include="..\Private\ThrownBlade.cpp">
      <Filter>Equipment</Filter>
    </ClCompile>
    <ClCompile Include="..\Private\PlayerState_Reload.cpp">
      <Filter>Player\PlayerState</Filter>
    </ClCompile>
    <ClCompile Include="..\Private\PlayerState_Resupply.cpp">
      <Filter>Player\PlayerState</Filter>
    </ClCompile>
    <ClCompile Include="..\Private\PlayerState_Dodge.cpp">
      <Filter>Player\PlayerState</Filter>
    </ClCompile>
    <ClCompile Include="..\Private\NormalTitan.cpp">
      <Filter>Titan\NormalTitan</Filter>
    </ClCompile>
    <ClCompile Include="..\Private\TitanState.cpp">
      <Filter>Titan\State</Filter>
    </ClCompile>
    <ClCompile Include="..\Private\NormalTitanStateMachine.cpp">
      <Filter>Titan\State</Filter>
    </ClCompile>
    <ClCompile Include="..\Private\NormalTitanState_Move.cpp">
      <Filter>Titan\NormalTitan\NormalTitanState</Filter>
    </ClCompile>
    <ClCompile Include="..\Private\NormalTitanState_Idle.cpp">
      <Filter>Titan\NormalTitan\NormalTitanState</Filter>
    </ClCompile>
    <ClCompile Include="..\Private\Scout.cpp">
      <Filter>Scout</Filter>
    </ClCompile>
    <ClCompile Include="..\Private\ScoutBehavior.cpp">
      <Filter>Scout</Filter>
    </ClCompile>
    <ClCompile Include="..\Private\ScoutBehavior_Runaway.cpp">
      <Filter>Scout</Filter>
    </ClCompile>
    <ClCompile Include="..\Private\NormalTitanState_Chase.cpp">
      <Filter>Titan\NormalTitan\NormalTitanState</Filter>
    </ClCompile>
    <ClCompile Include="..\Private\TargetSensor.cpp">
      <Filter>Titan</Filter>
    </ClCompile>
    <ClCompile Include="..\Private\TitanBound_Controller.cpp">
      <Filter>Titan</Filter>
    </ClCompile>
    <ClCompile Include="..\Private\Titan_Hand.cpp">
      <Filter>Titan</Filter>
    </ClCompile>
    <ClCompile Include="..\Private\NormalTitanState_Grab.cpp">
      <Filter>Titan\NormalTitan\NormalTitanState</Filter>
    </ClCompile>
    <ClCompile Include="..\Private\PlayerState_Grabbed.cpp">
      <Filter>Player\PlayerState</Filter>
    </ClCompile>
    <ClCompile Include="..\Private\UIManager.cpp" />
    <ClCompile Include="..\Private\NormalTitanState_Dead.cpp">
      <Filter>Titan\NormalTitan\NormalTitanState</Filter>
    </ClCompile>
    <ClCompile Include="..\Private\HitBox.cpp">
      <Filter>Common\HitBox</Filter>
    </ClCompile>
    <ClCompile Include="..\Private\HurtBox.cpp">
      <Filter>Common\HitBox</Filter>
    </ClCompile>
  </ItemGroup>
</Project>