<?xml version="1.0" encoding="utf-8"?>
<Project ToolsVersion="4.0" xmlns="http://schemas.microsoft.com/developer/msbuild/2003">
  <ItemGroup>
    <Filter Include="Default">
      <UniqueIdentifier>{bd696045-5891-412c-a20b-fb03ce15f51f}</UniqueIdentifier>
    </Filter>
    <Filter Include="01. Editor Panel">
      <UniqueIdentifier>{2915fedf-6584-4f23-98bf-c73851eda3fd}</UniqueIdentifier>
    </Filter>
    <Filter Include="98. GUI_System">
      <UniqueIdentifier>{dcc53563-0d64-48f0-b2e0-5c7023d29095}</UniqueIdentifier>
    </Filter>
    <Filter Include="99. ThirdParty">
      <UniqueIdentifier>{1c47b732-30c4-47e1-ae05-0316e40913fc}</UniqueIdentifier>
    </Filter>
    <Filter Include="01. Editor Panel\Console">
      <UniqueIdentifier>{f4168582-1fbc-4859-833b-9e518b55029d}</UniqueIdentifier>
    </Filter>
    <Filter Include="01. Editor Panel\Hierarchy">
      <UniqueIdentifier>{30c42a5e-6683-4e13-bdad-ae9552ccb601}</UniqueIdentifier>
    </Filter>
    <Filter Include="01. Editor Panel\Inspector">
      <UniqueIdentifier>{e67757eb-2b3b-426b-8f13-a6b69e67a468}</UniqueIdentifier>
    </Filter>
    <Filter Include="소스 파일">
      <UniqueIdentifier>{93762f00-72f4-4268-96bb-dd74af0b70aa}</UniqueIdentifier>
    </Filter>
    <Filter Include="헤더 파일">
      <UniqueIdentifier>{f5a29f9b-913c-4118-9e97-bd440c0370c2}</UniqueIdentifier>
    </Filter>
    <Filter Include="리소스 파일">
      <UniqueIdentifier>{279d7aa6-4d3e-44b7-a1d2-ae709babf599}</UniqueIdentifier>
    </Filter>
    <Filter Include="01. Editor Panel\_Base">
      <UniqueIdentifier>{65cf5c7a-b5f1-4784-8ce2-9bd01e6ccff7}</UniqueIdentifier>
    </Filter>
    <Filter Include="01. Editor Panel\Project">
      <UniqueIdentifier>{b54a6712-909a-4424-96a3-a328da2c41f4}</UniqueIdentifier>
    </Filter>
    <Filter Include="01. Editor Panel\Profiler">
      <UniqueIdentifier>{96f2a344-55e8-403d-b4ac-1e0d2b3d3faf}</UniqueIdentifier>
    </Filter>
    <Filter Include="01. Editor Panel\Main">
      <UniqueIdentifier>{1c9f5ee4-e6f3-47c6-9a9c-8884fd4db20b}</UniqueIdentifier>
    </Filter>
    <Filter Include="01. Editor Panel\View">
      <UniqueIdentifier>{bfac240f-4f47-488e-8a3e-4efe175eea3c}</UniqueIdentifier>
    </Filter>
    <Filter Include="02. Gizmo">
      <UniqueIdentifier>{ee7c99e4-dcf4-4e48-a891-6fc851176ad6}</UniqueIdentifier>
    </Filter>
  </ItemGroup>
  <ItemGroup>
    <ClCompile Include="Editor.cpp">
      <Filter>소스 파일</Filter>
    </ClCompile>
    <ClCompile Include="..\..\ThirdParty\imgui.cpp">
      <Filter>99. ThirdParty</Filter>
    </ClCompile>
    <ClCompile Include="..\..\ThirdParty\imgui_draw.cpp">
      <Filter>99. ThirdParty</Filter>
    </ClCompile>
    <ClCompile Include="..\..\ThirdParty\imgui_impl_dx11.cpp">
      <Filter>99. ThirdParty</Filter>
    </ClCompile>
    <ClCompile Include="..\..\ThirdParty\imgui_impl_win32.cpp">
      <Filter>99. ThirdParty</Filter>
    </ClCompile>
    <ClCompile Include="..\..\ThirdParty\imgui_tables.cpp">
      <Filter>99. ThirdParty</Filter>
    </ClCompile>
    <ClCompile Include="..\..\ThirdParty\imgui_widgets.cpp">
      <Filter>99. ThirdParty</Filter>
    </ClCompile>
    <ClCompile Include="..\Private\GUI_System.cpp">
      <Filter>98. GUI_System</Filter>
    </ClCompile>
    <ClCompile Include="..\..\ThirdParty\imgui_stdlib.cpp">
      <Filter>99. ThirdParty</Filter>
    </ClCompile>
    <ClCompile Include="..\Private\ConsolePanel.cpp">
      <Filter>01. Editor Panel\Console</Filter>
    </ClCompile>
    <ClCompile Include="..\Private\HierarchyPanel.cpp">
      <Filter>01. Editor Panel\Hierarchy</Filter>
    </ClCompile>
    <ClCompile Include="..\Private\InspectorPanel.cpp">
      <Filter>01. Editor Panel\Inspector</Filter>
    </ClCompile>
    <ClCompile Include="..\Private\MainPanel.cpp">
      <Filter>01. Editor Panel\Main</Filter>
    </ClCompile>
    <ClCompile Include="..\Private\ProjectPanel.cpp">
      <Filter>01. Editor Panel\Project</Filter>
    </ClCompile>
    <ClCompile Include="..\Private\ProfilerPanel.cpp">
      <Filter>01. Editor Panel\Profiler</Filter>
    </ClCompile>
    <ClCompile Include="..\Private\ScenePanel.cpp">
      <Filter>01. Editor Panel\View</Filter>
    </ClCompile>
    <ClCompile Include="..\..\ThirdParty\ImGuizmo.cpp">
      <Filter>99. ThirdParty</Filter>
    </ClCompile>
    <ClCompile Include="..\Private\Gizmo.cpp">
      <Filter>02. Gizmo</Filter>
    </ClCompile>
  </ItemGroup>
  <ItemGroup>
    <ClInclude Include="..\..\ThirdParty\magic_enum.hpp">
      <Filter>99. ThirdParty</Filter>
    </ClInclude>
    <ClInclude Include="..\..\ThirdParty\imconfig.h">
      <Filter>99. ThirdParty</Filter>
    </ClInclude>
    <ClInclude Include="..\..\ThirdParty\imgui.h">
      <Filter>99. ThirdParty</Filter>
    </ClInclude>
    <ClInclude Include="..\..\ThirdParty\imgui_impl_dx11.h">
      <Filter>99. ThirdParty</Filter>
    </ClInclude>
    <ClInclude Include="..\..\ThirdParty\imgui_impl_win32.h">
      <Filter>99. ThirdParty</Filter>
    </ClInclude>
    <ClInclude Include="..\..\ThirdParty\imgui_internal.h">
      <Filter>99. ThirdParty</Filter>
    </ClInclude>
    <ClInclude Include="..\Public\GUI_System.h">
      <Filter>98. GUI_System</Filter>
    </ClInclude>
    <ClInclude Include="..\..\ThirdParty\imgui_stdlib.h">
      <Filter>99. ThirdParty</Filter>
    </ClInclude>
    <ClInclude Include="..\Public\ConsolePanel.h">
      <Filter>01. Editor Panel\Console</Filter>
    </ClInclude>
    <ClInclude Include="..\Public\HierarchyPanel.h">
      <Filter>01. Editor Panel\Hierarchy</Filter>
    </ClInclude>
    <ClInclude Include="..\Public\InspectorPanel.h">
      <Filter>01. Editor Panel\Inspector</Filter>
    </ClInclude>
    <ClInclude Include="framework.h">
      <Filter>헤더 파일</Filter>
    </ClInclude>
    <ClInclude Include="Resource.h">
      <Filter>헤더 파일</Filter>
    </ClInclude>
    <ClInclude Include="targetver.h">
      <Filter>헤더 파일</Filter>
    </ClInclude>
    <ClInclude Include="..\Public\Editor_Util.h">
      <Filter>헤더 파일</Filter>
    </ClInclude>
    <ClInclude Include="..\Public\Editor_Define.h">
      <Filter>헤더 파일</Filter>
    </ClInclude>
    <ClInclude Include="Editor.h">
      <Filter>헤더 파일</Filter>
    </ClInclude>
    <ClInclude Include="..\Public\EditorPanel.h">
      <Filter>01. Editor Panel\_Base</Filter>
    </ClInclude>
    <ClInclude Include="..\Public\MainPanel.h">
      <Filter>01. Editor Panel\Main</Filter>
    </ClInclude>
    <ClInclude Include="..\Public\ProjectPanel.h">
      <Filter>01. Editor Panel\Project</Filter>
    </ClInclude>
    <ClInclude Include="..\Public\ProfilerPanel.h">
      <Filter>01. Editor Panel\Profiler</Filter>
    </ClInclude>
    <ClInclude Include="..\Public\ScenePanel.h">
      <Filter>01. Editor Panel\View</Filter>
    </ClInclude>
    <ClInclude Include="..\..\ThirdParty\ImGuizmo.h">
      <Filter>99. ThirdParty</Filter>
    </ClInclude>
    <ClInclude Include="..\Public\Gizmo.h">
      <Filter>02. Gizmo</Filter>
    </ClInclude>
  </ItemGroup>
  <ItemGroup>
    <Image Include="Editor.ico">
      <Filter>리소스 파일</Filter>
    </Image>
    <Image Include="small.ico">
      <Filter>리소스 파일</Filter>
    </Image>
  </ItemGroup>
  <ItemGroup>
    <ResourceCompile Include="Editor.rc">
      <Filter>리소스 파일</Filter>
    </ResourceCompile>
  </ItemGroup>
</Project>