<?xml version="1.0" encoding="utf-8"?>
<Project ToolsVersion="4.0" xmlns="http://schemas.microsoft.com/developer/msbuild/2003">
  <ItemGroup>
    <Filter Include="Default">
      <UniqueIdentifier>{bd696045-5891-412c-a20b-fb03ce15f51f}</UniqueIdentifier>
    </Filter>
    <Filter Include="EditorPanel">
      <UniqueIdentifier>{2915fedf-6584-4f23-98bf-c73851eda3fd}</UniqueIdentifier>
    </Filter>
  </ItemGroup>
  <ItemGroup>
    <ClCompile Include="Editor.cpp">
      <Filter>Default</Filter>
    </ClCompile>
    <ClCompile Include="..\Private\EditorPanel.cpp">
      <Filter>EditorPanel</Filter>
    </ClCompile>
    <ClCompile Include="..\Private\InspectorPanel.cpp">
      <Filter>EditorPanel</Filter>
    </ClCompile>
    <ClCompile Include="..\Private\HierarchyPanel.cpp">
      <Filter>EditorPanel</Filter>
    </ClCompile>
  </ItemGroup>
  <ItemGroup>
    <ClInclude Include="Editor.h">
      <Filter>Default</Filter>
    </ClInclude>
    <ClInclude Include="framework.h">
      <Filter>Default</Filter>
    </ClInclude>
    <ClInclude Include="Resource.h">
      <Filter>Default</Filter>
    </ClInclude>
    <ClInclude Include="targetver.h">
      <Filter>Default</Filter>
    </ClInclude>
    <ClInclude Include="..\Public\EditorPanel.h">
      <Filter>EditorPanel</Filter>
    </ClInclude>
    <ClInclude Include="..\Public\InspectorPanel.h">
      <Filter>EditorPanel</Filter>
    </ClInclude>
    <ClInclude Include="..\Public\HierarchyPanel.h">
      <Filter>EditorPanel</Filter>
    </ClInclude>
    <ClInclude Include="..\Public\Editor_Define.h" />
    <ClInclude Include="..\Public\Editor_Util.h" />
  </ItemGroup>
  <ItemGroup>
    <ResourceCompile Include="Editor.rc">
      <Filter>Default</Filter>
    </ResourceCompile>
  </ItemGroup>
  <ItemGroup>
    <Image Include="Editor.ico">
      <Filter>Default</Filter>
    </Image>
    <Image Include="small.ico">
      <Filter>Default</Filter>
    </Image>
  </ItemGroup>
</Project>